PODS:
  - Flutter (1.0.0)
  - metrix (0.9.2):
    - Flutter

DEPENDENCIES:
  - Flutter (from `.symlinks/flutter/ios`)
  - metrix (from `.symlinks/plugins/metrix/ios`)

EXTERNAL SOURCES:
  Flutter:
    :path: ".symlinks/flutter/ios"
  metrix:
    :path: ".symlinks/plugins/metrix/ios"

SPEC CHECKSUMS:
  Flutter: 0e3d915762c693b495b44d77113d4970485de6ec
  metrix: f10e62c8c74fbcd8a42228d5999dad717baee475

PODFILE CHECKSUM: aff02bfeed411c636180d6812254b2daeea14d09

COCOAPODS: 1.7.5
